
Microsoft Visual Studio Solution File, Format Version 12.00
# Visual Studio 2013
VisualStudioVersion = 12.0.21005.1
MinimumVisualStudioVersion = 10.0.40219.1
Project("{FAE04EC0-301F-11D3-BF4B-00C04F79EFBC}") = "01.Task", "01.Task\01.Task.csproj", "{11114EA3-7258-4E06-B80B-1D27DB3C4F9D}"
EndProject
Project("{FAE04EC0-301F-11D3-BF4B-00C04F79EFBC}") = "04.Tas", "04.Tas\04.Tas.csproj", "{62FA7966-F8AE-4ED9-9152-C9EBC4EE8ED6}"
EndProject
Global
	GlobalSection(SolutionConfigurationPlatforms) = preSolution
		Debug|Any CPU = Debug|Any CPU
		Release|Any CPU = Release|Any CPU
	EndGlobalSection
	GlobalSection(ProjectConfigurationPlatforms) = postSolution
		{11114EA3-7258-4E06-B80B-1D27DB3C4F9D}.Debug|Any CPU.ActiveCfg = Debug|Any CPU
		{11114EA3-7258-4E06-B80B-1D27DB3C4F9D}.Debug|Any CPU.Build.0 = Debug|Any CPU
		{11114EA3-7258-4E06-B80B-1D27DB3C4F9D}.Release|Any CPU.ActiveCfg = Release|Any CPU
		{11114EA3-7258-4E06-B80B-1D27DB3C4F9D}.Release|Any CPU.Build.0 = Release|Any CPU
		{62FA7966-F8AE-4ED9-9152-C9EBC4EE8ED6}.Debug|Any CPU.ActiveCfg = Debug|Any CPU
		{62FA7966-F8AE-4ED9-9152-C9EBC4EE8ED6}.Debug|Any CPU.Build.0 = Debug|Any CPU
		{62FA7966-F8AE-4ED9-9152-C9EBC4EE8ED6}.Release|Any CPU.ActiveCfg = Release|Any CPU
		{62FA7966-F8AE-4ED9-9152-C9EBC4EE8ED6}.Release|Any CPU.Build.0 = Release|Any CPU
	EndGlobalSection
	GlobalSection(SolutionProperties) = preSolution
		HideSolutionNode = FALSE
	EndGlobalSection
EndGlobal
